
Microsoft Visual Studio Solution File, Format Version 12.00
# Visual Studio Version 16
VisualStudioVersion = 16.0.30523.141
MinimumVisualStudioVersion = 10.0.40219.1
Project("{FAE04EC0-301F-11D3-BF4B-00C04F79EFBC}") = "MyFirstSPDVIProject_Console1", "MyFirstSPDVIProject_Console1\MyFirstSPDVIProject_Console1.csproj", "{8254F541-14C4-4A88-A47D-758B7720D356}"
EndProject
Project("{FAE04EC0-301F-11D3-BF4B-00C04F79EFBC}") = "MyFirstSPDVIProject_WinformsUI", "MyFirstSPDVIProject_WinformsUI\MyFirstSPDVIProject_WinformsUI.csproj", "{EE56B53A-EF73-4856-9F49-9A7DCC55914A}"
EndProject
Global
	GlobalSection(SolutionConfigurationPlatforms) = preSolution
		Debug|Any CPU = Debug|Any CPU
		Release|Any CPU = Release|Any CPU
	EndGlobalSection
	GlobalSection(ProjectConfigurationPlatforms) = postSolution
		{8254F541-14C4-4A88-A47D-758B7720D356}.Debug|Any CPU.ActiveCfg = Debug|Any CPU
		{8254F541-14C4-4A88-A47D-758B7720D356}.Debug|Any CPU.Build.0 = Debug|Any CPU
		{8254F541-14C4-4A88-A47D-758B7720D356}.Release|Any CPU.ActiveCfg = Release|Any CPU
		{8254F541-14C4-4A88-A47D-758B7720D356}.Release|Any CPU.Build.0 = Release|Any CPU
		{EE56B53A-EF73-4856-9F49-9A7DCC55914A}.Debug|Any CPU.ActiveCfg = Debug|Any CPU
		{EE56B53A-EF73-4856-9F49-9A7DCC55914A}.Debug|Any CPU.Build.0 = Debug|Any CPU
		{EE56B53A-EF73-4856-9F49-9A7DCC55914A}.Release|Any CPU.ActiveCfg = Release|Any CPU
		{EE56B53A-EF73-4856-9F49-9A7DCC55914A}.Release|Any CPU.Build.0 = Release|Any CPU
	EndGlobalSection
	GlobalSection(SolutionProperties) = preSolution
		HideSolutionNode = FALSE
	EndGlobalSection
	GlobalSection(ExtensibilityGlobals) = postSolution
		SolutionGuid = {E7091018-AEF4-41F7-B9E7-56B6B6523D90}
	EndGlobalSection
EndGlobal
